// !$*UTF8*$!
{
	archiveVersion = 1;
	classes = {
	};
	objectVersion = 48;
	objects = {

/* Begin PBXBuildFile section */
		B100388B2137EE1000F2BC41 /* AppDelegate.swift in Sources */ = {isa = PBXBuildFile; fileRef = B100388A2137EE1000F2BC41 /* AppDelegate.swift */; };
		B100388D2137EE1000F2BC41 /* SwiftQRCodeVC.swift in Sources */ = {isa = PBXBuildFile; fileRef = B100388C2137EE1000F2BC41 /* SwiftQRCodeVC.swift */; };
		B10038922137EE1000F2BC41 /* Assets.xcassets in Resources */ = {isa = PBXBuildFile; fileRef = B10038912137EE1000F2BC41 /* Assets.xcassets */; };
		B10038A02137F06700F2BC41 /* QRCode_ScanBox.png in Sources */ = {isa = PBXBuildFile; fileRef = B100389F2137EFC500F2BC41 /* QRCode_ScanBox.png */; };
		B10038A12137F06700F2BC41 /* QRCode_ScanLine.png in Sources */ = {isa = PBXBuildFile; fileRef = B100389E2137EFB600F2BC41 /* QRCode_ScanLine.png */; };
/* End PBXBuildFile section */

/* Begin PBXFileReference section */
		B10038872137EE1000F2BC41 /* SwiftQRCode.app */ = {isa = PBXFileReference; explicitFileType = wrapper.application; includeInIndex = 0; path = SwiftQRCode.app; sourceTree = BUILT_PRODUCTS_DIR; };
		B100388A2137EE1000F2BC41 /* AppDelegate.swift */ = {isa = PBXFileReference; lastKnownFileType = sourcecode.swift; path = AppDelegate.swift; sourceTree = "<group>"; };
		B100388C2137EE1000F2BC41 /* SwiftQRCodeVC.swift */ = {isa = PBXFileReference; lastKnownFileType = sourcecode.swift; path = SwiftQRCodeVC.swift; sourceTree = "<group>"; };
		B10038912137EE1000F2BC41 /* Assets.xcassets */ = {isa = PBXFileReference; lastKnownFileType = folder.assetcatalog; path = Assets.xcassets; sourceTree = "<group>"; };
		B10038962137EE1000F2BC41 /* Info.plist */ = {isa = PBXFileReference; lastKnownFileType = text.plist.xml; path = Info.plist; sourceTree = "<group>"; };
		B100389E2137EFB600F2BC41 /* QRCode_ScanLine.png */ = {isa = PBXFileReference; lastKnownFileType = image.png; path = QRCode_ScanLine.png; sourceTree = "<group>"; };
		B100389F2137EFC500F2BC41 /* QRCode_ScanBox.png */ = {isa = PBXFileReference; lastKnownFileType = image.png; path = QRCode_ScanBox.png; sourceTree = "<group>"; };
		B10038A32137F37100F2BC41 /* noticeMusic.caf */ = {isa = PBXFileReference; lastKnownFileType = file; path = noticeMusic.caf; sourceTree = "<group>"; };
/* End PBXFileReference section */

/* Begin PBXFrameworksBuildPhase section */
		B10038842137EE1000F2BC41 /* Frameworks */ = {
			isa = PBXFrameworksBuildPhase;
			buildActionMask = 2147483647;
			files = (
			);
			runOnlyForDeploymentPostprocessing = 0;
		};
/* End PBXFrameworksBuildPhase section */

/* Begin PBXGroup section */
		B100387E2137EE1000F2BC41 = {
			isa = PBXGroup;
			children = (
				B10038892137EE1000F2BC41 /* SwiftQRCode */,
				B10038882137EE1000F2BC41 /* Products */,
			);
			sourceTree = "<group>";
		};
		B10038882137EE1000F2BC41 /* Products */ = {
			isa = PBXGroup;
			children = (
				B10038872137EE1000F2BC41 /* SwiftQRCode.app */,
			);
			name = Products;
			sourceTree = "<group>";
		};
		B10038892137EE1000F2BC41 /* SwiftQRCode */ = {
			isa = PBXGroup;
			children = (
				B100388A2137EE1000F2BC41 /* AppDelegate.swift */,
				B100388C2137EE1000F2BC41 /* SwiftQRCodeVC.swift */,
				B10038962137EE1000F2BC41 /* Info.plist */,
				B100389C2137EF7400F2BC41 /* Resource */,
			);
			path = SwiftQRCode;
			sourceTree = "<group>";
		};
		B100389C2137EF7400F2BC41 /* Resource */ = {
			isa = PBXGroup;
			children = (
				B10038A32137F37100F2BC41 /* noticeMusic.caf */,
				B100389F2137EFC500F2BC41 /* QRCode_ScanBox.png */,
				B100389E2137EFB600F2BC41 /* QRCode_ScanLine.png */,
				B10038912137EE1000F2BC41 /* Assets.xcassets */,
			);
			path = Resource;
			sourceTree = "<group>";
		};
/* End PBXGroup section */

/* Begin PBXNativeTarget section */
		B10038862137EE1000F2BC41 /* SwiftQRCode */ = {
			isa = PBXNativeTarget;
			buildConfigurationList = B10038992137EE1000F2BC41 /* Build configuration list for PBXNativeTarget "SwiftQRCode" */;
			buildPhases = (
				B10038832137EE1000F2BC41 /* Sources */,
				B10038842137EE1000F2BC41 /* Frameworks */,
				B10038852137EE1000F2BC41 /* Resources */,
			);
			buildRules = (
			);
			dependencies = (
			);
			name = SwiftQRCode;
			productName = SwiftQRCode;
			productReference = B10038872137EE1000F2BC41 /* SwiftQRCode.app */;
			productType = "com.apple.product-type.application";
		};
/* End PBXNativeTarget section */

/* Begin PBXProject section */
		B100387F2137EE1000F2BC41 /* Project object */ = {
			isa = PBXProject;
			attributes = {
				LastSwiftUpdateCheck = 0920;
				LastUpgradeCheck = 0920;
				ORGANIZATIONNAME = Fancy;
				TargetAttributes = {
					B10038862137EE1000F2BC41 = {
						CreatedOnToolsVersion = 9.2;
						ProvisioningStyle = Automatic;
					};
				};
			};
			buildConfigurationList = B10038822137EE1000F2BC41 /* Build configuration list for PBXProject "SwiftQRCode" */;
			compatibilityVersion = "Xcode 8.0";
			developmentRegion = en;
			hasScannedForEncodings = 0;
			knownRegions = (
				en,
				Base,
			);
			mainGroup = B100387E2137EE1000F2BC41;
			productRefGroup = B10038882137EE1000F2BC41 /* Products */;
			projectDirPath = "";
			projectRoot = "";
			targets = (
				B10038862137EE1000F2BC41 /* SwiftQRCode */,
			);
		};
/* End PBXProject section */

/* Begin PBXResourcesBuildPhase section */
		B10038852137EE1000F2BC41 /* Resources */ = {
			isa = PBXResourcesBuildPhase;
			buildActionMask = 2147483647;
			files = (
				B10038922137EE1000F2BC41 /* Assets.xcassets in Resources */,
			);
			runOnlyForDeploymentPostprocessing = 0;
		};
/* End PBXResourcesBuildPhase section */

/* Begin PBXSourcesBuildPhase section */
		B10038832137EE1000F2BC41 /* Sources */ = {
			isa = PBXSourcesBuildPhase;
			buildActionMask = 2147483647;
			files = (
				B10038A02137F06700F2BC41 /* QRCode_ScanBox.png in Sources */,
				B10038A12137F06700F2BC41 /* QRCode_ScanLine.png in Sources */,
				B100388D2137EE1000F2BC41 /* SwiftQRCodeVC.swift in Sources */,
				B100388B2137EE1000F2BC41 /* AppDelegate.swift in Sources */,
			);
			runOnlyForDeploymentPostprocessing = 0;
		};
/* End PBXSourcesBuildPhase section */

/* Begin XCBuildConfiguration section */
		B10038972137EE1000F2BC41 /* Debug */ = {
			isa = XCBuildConfiguration;
			buildSettings = {
				ALWAYS_SEARCH_USER_PATHS = NO;
				CLANG_ANALYZER_NONNULL = YES;
				CLANG_ANALYZER_NUMBER_OBJECT_CONVERSION = YES_AGGRESSIVE;
				CLANG_CXX_LANGUAGE_STANDARD = "gnu++14";
				CLANG_CXX_LIBRARY = "libc++";
				CLANG_ENABLE_MODULES = YES;
				CLANG_ENABLE_OBJC_ARC = YES;
				CLANG_WARN_BLOCK_CAPTURE_AUTORELEASING = YES;
				CLANG_WARN_BOOL_CONVERSION = YES;
				CLANG_WARN_COMMA = YES;
				CLANG_WARN_CONSTANT_CONVERSION = YES;
				CLANG_WARN_DIRECT_OBJC_ISA_USAGE = YES_ERROR;
				CLANG_WARN_DOCUMENTATION_COMMENTS = YES;
				CLANG_WARN_EMPTY_BODY = YES;
				CLANG_WARN_ENUM_CONVERSION = YES;
				CLANG_WARN_INFINITE_RECURSION = YES;
				CLANG_WARN_INT_CONVERSION = YES;
				CLANG_WARN_NON_LITERAL_NULL_CONVERSION = YES;
				CLANG_WARN_OBJC_LITERAL_CONVERSION = YES;
				CLANG_WARN_OBJC_ROOT_CLASS = YES_ERROR;
				CLANG_WARN_RANGE_LOOP_ANALYSIS = YES;
				CLANG_WARN_STRICT_PROTOTYPES = YES;
				CLANG_WARN_SUSPICIOUS_MOVE = YES;
				CLANG_WARN_UNGUARDED_AVAILABILITY = YES_AGGRESSIVE;
				CLANG_WARN_UNREACHABLE_CODE = YES;
				CLANG_WARN__DUPLICATE_METHOD_MATCH = YES;
				CODE_SIGN_IDENTITY = "iPhone Developer";
				COPY_PHASE_STRIP = NO;
				DEBUG_INFORMATION_FORMAT = dwarf;
				ENABLE_STRICT_OBJC_MSGSEND = YES;
				ENABLE_TESTABILITY = YES;
				GCC_C_LANGUAGE_STANDARD = gnu11;
				GCC_DYNAMIC_NO_PIC = NO;
				GCC_NO_COMMON_BLOCKS = YES;
				GCC_OPTIMIZATION_LEVEL = 0;
				GCC_PREPROCESSOR_DEFINITIONS = (
					"DEBUG=1",
					"$(inherited)",
				);
				GCC_WARN_64_TO_32_BIT_CONVERSION = YES;
				GCC_WARN_ABOUT_RETURN_TYPE = YES_ERROR;
				GCC_WARN_UNDECLARED_SELECTOR = YES;
				GCC_WARN_UNINITIALIZED_AUTOS = YES_AGGRESSIVE;
				GCC_WARN_UNUSED_FUNCTION = YES;
				GCC_WARN_UNUSED_VARIABLE = YES;
				IPHONEOS_DEPLOYMENT_TARGET = 11.2;
				MTL_ENABLE_DEBUG_INFO = YES;
				ONLY_ACTIVE_ARCH = YES;
				SDKROOT = iphoneos;
				SWIFT_ACTIVE_COMPILATION_CONDITIONS = DEBUG;
				SWIFT_OPTIMIZATION_LEVEL = "-Onone";
			};
			name = Debug;
		};
		B10038982137EE1000F2BC41 /* Release */ = {
			isa = XCBuildConfiguration;
			buildSettings = {
				ALWAYS_SEARCH_USER_PATHS = NO;
				CLANG_ANALYZER_NONNULL = YES;
				CLANG_ANALYZER_NUMBER_OBJECT_CONVERSION = YES_AGGRESSIVE;
				CLANG_CXX_LANGUAGE_STANDARD = "gnu++14";
				CLANG_CXX_LIBRARY = "libc++";
				CLANG_ENABLE_MODULES = YES;
				CLANG_ENABLE_OBJC_ARC = YES;
				CLANG_WARN_BLOCK_CAPTURE_AUTORELEASING = YES;
				CLANG_WARN_BOOL_CONVERSION = YES;
				CLANG_WARN_COMMA = YES;
				CLANG_WARN_CONSTANT_CONVERSION = YES;
				CLANG_WARN_DIRECT_OBJC_ISA_USAGE = YES_ERROR;
				CLANG_WARN_DOCUMENTATION_COMMENTS = YES;
				CLANG_WARN_EMPTY_BODY = YES;
				CLANG_WARN_ENUM_CONVERSION = YES;
				CLANG_WARN_INFINITE_RECURSION = YES;
				CLANG_WARN_INT_CONVERSION = YES;
				CLANG_WARN_NON_LITERAL_NULL_CONVERSION = YES;
				CLANG_WARN_OBJC_LITERAL_CONVERSION = YES;
				CLANG_WARN_OBJC_ROOT_CLASS = YES_ERROR;
				CLANG_WARN_RANGE_LOOP_ANALYSIS = YES;
				CLANG_WARN_STRICT_PROTOTYPES = YES;
				CLANG_WARN_SUSPICIOUS_MOVE = YES;
				CLANG_WARN_UNGUARDED_AVAILABILITY = YES_AGGRESSIVE;
				CLANG_WARN_UNREACHABLE_CODE = YES;
				CLANG_WARN__DUPLICATE_METHOD_MATCH = YES;
				CODE_SIGN_IDENTITY = "iPhone Developer";
				COPY_PHASE_STRIP = NO;
				DEBUG_INFORMATION_FORMAT = "dwarf-with-dsym";
				ENABLE_NS_ASSERTIONS = NO;
				ENABLE_STRICT_OBJC_MSGSEND = YES;
				GCC_C_LANGUAGE_STANDARD = gnu11;
				GCC_NO_COMMON_BLOCKS = YES;
				GCC_WARN_64_TO_32_BIT_CONVERSION = YES;
				GCC_WARN_ABOUT_RETURN_TYPE = YES_ERROR;
				GCC_WARN_UNDECLARED_SELECTOR = YES;
				GCC_WARN_UNINITIALIZED_AUTOS = YES_AGGRESSIVE;
				GCC_WARN_UNUSED_FUNCTION = YES;
				GCC_WARN_UNUSED_VARIABLE = YES;
				IPHONEOS_DEPLOYMENT_TARGET = 11.2;
				MTL_ENABLE_DEBUG_INFO = NO;
				SDKROOT = iphoneos;
				SWIFT_OPTIMIZATION_LEVEL = "-Owholemodule";
				VALIDATE_PRODUCT = YES;
			};
			name = Release;
		};
		B100389A2137EE1000F2BC41 /* Debug */ = {
			isa = XCBuildConfiguration;
			buildSettings = {
				ASSETCATALOG_COMPILER_APPICON_NAME = AppIcon;
				CODE_SIGN_STYLE = Automatic;
				DEVELOPMENT_TEAM = DHM55R6MD8;
				INFOPLIST_FILE = SwiftQRCode/Info.plist;
				LD_RUNPATH_SEARCH_PATHS = "$(inherited) @executable_path/Frameworks";
				PRODUCT_BUNDLE_IDENTIFIER = com.fancy.SwiftQRCode;
				PRODUCT_NAME = "$(TARGET_NAME)";
				SWIFT_VERSION = 4.0;
				TARGETED_DEVICE_FAMILY = "1,2";
			};
			name = Debug;
		};
		B100389B2137EE1000F2BC41 /* Release */ = {
			isa = XCBuildConfiguration;
			buildSettings = {
				ASSETCATALOG_COMPILER_APPICON_NAME = AppIcon;
				CODE_SIGN_STYLE = Automatic;
				DEVELOPMENT_TEAM = DHM55R6MD8;
				INFOPLIST_FILE = SwiftQRCode/Info.plist;
				LD_RUNPATH_SEARCH_PATHS = "$(inherited) @executable_path/Frameworks";
				PRODUCT_BUNDLE_IDENTIFIER = com.fancy.SwiftQRCode;
				PRODUCT_NAME = "$(TARGET_NAME)";
				SWIFT_VERSION = 4.0;
				TARGETED_DEVICE_FAMILY = "1,2";
			};
			name = Release;
		};
/* End XCBuildConfiguration section */

/* Begin XCConfigurationList section */
		B10038822137EE1000F2BC41 /* Build configuration list for PBXProject "SwiftQRCode" */ = {
			isa = XCConfigurationList;
			buildConfigurations = (
				B10038972137EE1000F2BC41 /* Debug */,
				B10038982137EE1000F2BC41 /* Release */,
			);
			defaultConfigurationIsVisible = 0;
			defaultConfigurationName = Release;
		};
		B10038992137EE1000F2BC41 /* Build configuration list for PBXNativeTarget "SwiftQRCode" */ = {
			isa = XCConfigurationList;
			buildConfigurations = (
				B100389A2137EE1000F2BC41 /* Debug */,
				B100389B2137EE1000F2BC41 /* Release */,
			);
			defaultConfigurationIsVisible = 0;
			defaultConfigurationName = Release;
		};
/* End XCConfigurationList section */
	};
	rootObject = B100387F2137EE1000F2BC41 /* Project object */;
}
